
Microsoft Visual Studio Solution File, Format Version 12.00
# Visual Studio Version 17
VisualStudioVersion = 17.1.32228.430
MinimumVisualStudioVersion = 10.0.40219.1
Project("{FAE04EC0-301F-11D3-BF4B-00C04F79EFBC}") = "PL", "PL\PL.csproj", "{5537CDE0-3948-4884-95C1-1D5469346128}"
EndProject
Project("{FAE04EC0-301F-11D3-BF4B-00C04F79EFBC}") = "ML", "ML\ML.csproj", "{D0993F6A-45B6-422A-A998-9ADF0E34D49E}"
EndProject
Project("{FAE04EC0-301F-11D3-BF4B-00C04F79EFBC}") = "DL", "DL\DL.csproj", "{1831DC8D-2882-42D6-9780-641432F450C6}"
EndProject
Project("{FAE04EC0-301F-11D3-BF4B-00C04F79EFBC}") = "BL", "BL\BL.csproj", "{42469D8F-5E2A-476F-8492-A5B506EF3BF0}"
EndProject
Global
	GlobalSection(SolutionConfigurationPlatforms) = preSolution
		Debug|Any CPU = Debug|Any CPU
		Release|Any CPU = Release|Any CPU
	EndGlobalSection
	GlobalSection(ProjectConfigurationPlatforms) = postSolution
		{5537CDE0-3948-4884-95C1-1D5469346128}.Debug|Any CPU.ActiveCfg = Debug|Any CPU
		{5537CDE0-3948-4884-95C1-1D5469346128}.Debug|Any CPU.Build.0 = Debug|Any CPU
		{5537CDE0-3948-4884-95C1-1D5469346128}.Release|Any CPU.ActiveCfg = Release|Any CPU
		{5537CDE0-3948-4884-95C1-1D5469346128}.Release|Any CPU.Build.0 = Release|Any CPU
		{D0993F6A-45B6-422A-A998-9ADF0E34D49E}.Debug|Any CPU.ActiveCfg = Debug|Any CPU
		{D0993F6A-45B6-422A-A998-9ADF0E34D49E}.Debug|Any CPU.Build.0 = Debug|Any CPU
		{D0993F6A-45B6-422A-A998-9ADF0E34D49E}.Release|Any CPU.ActiveCfg = Release|Any CPU
		{D0993F6A-45B6-422A-A998-9ADF0E34D49E}.Release|Any CPU.Build.0 = Release|Any CPU
		{1831DC8D-2882-42D6-9780-641432F450C6}.Debug|Any CPU.ActiveCfg = Debug|Any CPU
		{1831DC8D-2882-42D6-9780-641432F450C6}.Debug|Any CPU.Build.0 = Debug|Any CPU
		{1831DC8D-2882-42D6-9780-641432F450C6}.Release|Any CPU.ActiveCfg = Release|Any CPU
		{1831DC8D-2882-42D6-9780-641432F450C6}.Release|Any CPU.Build.0 = Release|Any CPU
		{42469D8F-5E2A-476F-8492-A5B506EF3BF0}.Debug|Any CPU.ActiveCfg = Debug|Any CPU
		{42469D8F-5E2A-476F-8492-A5B506EF3BF0}.Debug|Any CPU.Build.0 = Debug|Any CPU
		{42469D8F-5E2A-476F-8492-A5B506EF3BF0}.Release|Any CPU.ActiveCfg = Release|Any CPU
		{42469D8F-5E2A-476F-8492-A5B506EF3BF0}.Release|Any CPU.Build.0 = Release|Any CPU
	EndGlobalSection
	GlobalSection(SolutionProperties) = preSolution
		HideSolutionNode = FALSE
	EndGlobalSection
	GlobalSection(ExtensibilityGlobals) = postSolution
		SolutionGuid = {162C22C9-E44B-4E09-BB89-910670E72367}
	EndGlobalSection
EndGlobal
